
Microsoft Visual Studio Solution File, Format Version 12.00
# Visual Studio 15
VisualStudioVersion = 15.0.27703.2047
MinimumVisualStudioVersion = 10.0.40219.1
Project("{8BC9CEB8-8B4A-11D0-8D11-00A0C91BC942}") = "CatchMole", "CatchMole.vcxproj", "{04CA462F-423E-478B-9A99-EBCA3C4024DA}"
EndProject
Global
	GlobalSection(SolutionConfigurationPlatforms) = preSolution
		Debug|x64 = Debug|x64
		Debug|x86 = Debug|x86
		Release|x64 = Release|x64
		Release|x86 = Release|x86
	EndGlobalSection
	GlobalSection(ProjectConfigurationPlatforms) = postSolution
		{04CA462F-423E-478B-9A99-EBCA3C4024DA}.Debug|x64.ActiveCfg = Debug|x64
		{04CA462F-423E-478B-9A99-EBCA3C4024DA}.Debug|x64.Build.0 = Debug|x64
		{04CA462F-423E-478B-9A99-EBCA3C4024DA}.Debug|x86.ActiveCfg = Debug|Win32
		{04CA462F-423E-478B-9A99-EBCA3C4024DA}.Debug|x86.Build.0 = Debug|Win32
		{04CA462F-423E-478B-9A99-EBCA3C4024DA}.Release|x64.ActiveCfg = Release|x64
		{04CA462F-423E-478B-9A99-EBCA3C4024DA}.Release|x64.Build.0 = Release|x64
		{04CA462F-423E-478B-9A99-EBCA3C4024DA}.Release|x86.ActiveCfg = Release|Win32
		{04CA462F-423E-478B-9A99-EBCA3C4024DA}.Release|x86.Build.0 = Release|Win32
	EndGlobalSection
	GlobalSection(SolutionProperties) = preSolution
		HideSolutionNode = FALSE
	EndGlobalSection
	GlobalSection(ExtensibilityGlobals) = postSolution
		SolutionGuid = {E09275C7-FDB0-4ABD-838A-A1BFBB2CAEF5}
	EndGlobalSection
EndGlobal
